
Microsoft Visual Studio Solution File, Format Version 12.00
# Visual Studio 2013
VisualStudioVersion = 12.0.40629.0
MinimumVisualStudioVersion = 10.0.40219.1
Project("{FAE04EC0-301F-11D3-BF4B-00C04F79EFBC}") = "MyIdServer", "MyIdServer\MyIdServer.csproj", "{2B4415D0-BC10-4BFC-8C4E-3957BB2DDDFB}"
EndProject
Project("{FAE04EC0-301F-11D3-BF4B-00C04F79EFBC}") = "MyIdClient", "MyIdClient\MyIdClient.csproj", "{6EFBC629-7C45-4361-BF83-23985CCAE46B}"
EndProject
Project("{FAE04EC0-301F-11D3-BF4B-00C04F79EFBC}") = "Test", "Test\Test.csproj", "{BCF199EA-EDBF-4055-B62E-23F4AD642992}"
EndProject
Project("{FAE04EC0-301F-11D3-BF4B-00C04F79EFBC}") = "TestConsole", "TestConsole\TestConsole.csproj", "{78D8626C-BEF1-44D3-9798-EBD1FEA89401}"
EndProject
Global
	GlobalSection(SolutionConfigurationPlatforms) = preSolution
		Debug|Any CPU = Debug|Any CPU
		Release|Any CPU = Release|Any CPU
	EndGlobalSection
	GlobalSection(ProjectConfigurationPlatforms) = postSolution
		{2B4415D0-BC10-4BFC-8C4E-3957BB2DDDFB}.Debug|Any CPU.ActiveCfg = Debug|Any CPU
		{2B4415D0-BC10-4BFC-8C4E-3957BB2DDDFB}.Debug|Any CPU.Build.0 = Debug|Any CPU
		{2B4415D0-BC10-4BFC-8C4E-3957BB2DDDFB}.Release|Any CPU.ActiveCfg = Release|Any CPU
		{2B4415D0-BC10-4BFC-8C4E-3957BB2DDDFB}.Release|Any CPU.Build.0 = Release|Any CPU
		{6EFBC629-7C45-4361-BF83-23985CCAE46B}.Debug|Any CPU.ActiveCfg = Debug|Any CPU
		{6EFBC629-7C45-4361-BF83-23985CCAE46B}.Debug|Any CPU.Build.0 = Debug|Any CPU
		{6EFBC629-7C45-4361-BF83-23985CCAE46B}.Release|Any CPU.ActiveCfg = Release|Any CPU
		{6EFBC629-7C45-4361-BF83-23985CCAE46B}.Release|Any CPU.Build.0 = Release|Any CPU
		{BCF199EA-EDBF-4055-B62E-23F4AD642992}.Debug|Any CPU.ActiveCfg = Debug|Any CPU
		{BCF199EA-EDBF-4055-B62E-23F4AD642992}.Debug|Any CPU.Build.0 = Debug|Any CPU
		{BCF199EA-EDBF-4055-B62E-23F4AD642992}.Release|Any CPU.ActiveCfg = Release|Any CPU
		{BCF199EA-EDBF-4055-B62E-23F4AD642992}.Release|Any CPU.Build.0 = Release|Any CPU
		{78D8626C-BEF1-44D3-9798-EBD1FEA89401}.Debug|Any CPU.ActiveCfg = Debug|Any CPU
		{78D8626C-BEF1-44D3-9798-EBD1FEA89401}.Debug|Any CPU.Build.0 = Debug|Any CPU
		{78D8626C-BEF1-44D3-9798-EBD1FEA89401}.Release|Any CPU.ActiveCfg = Release|Any CPU
		{78D8626C-BEF1-44D3-9798-EBD1FEA89401}.Release|Any CPU.Build.0 = Release|Any CPU
	EndGlobalSection
	GlobalSection(SolutionProperties) = preSolution
		HideSolutionNode = FALSE
	EndGlobalSection
EndGlobal
